{
  "name": "node",
  "lockfileVersion": 3,
  "requires": true,
  "packages": {
    "": {
      "name": "node",
      "dependencies": {
        "@kazupon/jts-utils": "^0.10.0"
      }
    },
    "node_modules/@kazupon/jts-utils": {
      "version": "0.10.0",
      "resolved": "https://registry.npmjs.org/@kazupon/jts-utils/-/jts-utils-0.10.0.tgz",
      "integrity": "sha512-/CXxtZn9wYzvyO2gfQkb0q5be7EHHb7Z05RCjh8D7e1fdK2Q8KlUm8K5Jp/cCpLRHmVKCKgj5u9+hHleTpq3GA==",
      "license": "MIT",
      "engines": {
        "node": ">= 20"
      },
      "funding": {
        "url": "https://github.com/sponsors/kazupon"
      },
      "peerDependencies": {
        "@vue/reactivity": "^3.4"
      },
      "peerDependenciesMeta": {
        "@vue/reactivity": {
          "optional": true
        }
      }
    }
  }
}
