{
  "name": "node",
  "lockfileVersion": 3,
  "requires": true,
  "packages": {
    "": {
      "name": "node",
      "dependencies": {
        "@kazupon/jts-utils": "^0.12.0"
      }
    },
    "node_modules/@kazupon/jts-utils": {
      "version": "0.12.0",
      "resolved": "https://registry.npmjs.org/@kazupon/jts-utils/-/jts-utils-0.12.0.tgz",
      "integrity": "sha512-MTJ8939ecbA7qxruiaDrFK3aNcMgwQ2FL/TtG4tyAc2v+fexa/77ixLDsA/bC08rtDLHHe+eLc1MygM+SoBJrg==",
      "license": "MIT",
      "engines": {
        "node": ">= 20"
      },
      "funding": {
        "url": "https://github.com/sponsors/kazupon"
      },
      "peerDependencies": {
        "@vue/reactivity": "^3.4"
      },
      "peerDependenciesMeta": {
        "@vue/reactivity": {
          "optional": true
        }
      }
    }
  }
}
