{
  "name": "node",
  "lockfileVersion": 3,
  "requires": true,
  "packages": {
    "": {
      "name": "node",
      "dependencies": {
        "@kazupon/jts-utils": "^0.13.0"
      }
    },
    "node_modules/@kazupon/jts-utils": {
      "version": "0.13.0",
      "resolved": "https://registry.npmjs.org/@kazupon/jts-utils/-/jts-utils-0.13.0.tgz",
      "integrity": "sha512-Pq7Uh78JEc6eIAaxGiEPC2GJo5K2p3jjB/Y9UN6Oj25oSySYPAsWKRz2tcFiYkBOFEVTJtMw0Y7VacYRVud2YA==",
      "license": "MIT",
      "engines": {
        "node": ">= 20"
      },
      "funding": {
        "url": "https://github.com/sponsors/kazupon"
      },
      "peerDependencies": {
        "@vue/reactivity": "^3.4"
      },
      "peerDependenciesMeta": {
        "@vue/reactivity": {
          "optional": true
        }
      }
    }
  }
}
