{
  "version": "3",
  "packages": {
    "specifiers": {
      "jsr:@kazupon/jts-utils@^0.2.5": "jsr:@kazupon/jts-utils@0.2.5"
    },
    "jsr": {
      "@kazupon/jts-utils@0.2.5": {
        "integrity": "cf53ca00b5ab5d885ac6f556fa0e9f3aa270407819ae15ea7a1656478c3a99ad"
      }
    }
  },
  "remote": {},
  "workspace": {
    "dependencies": [
      "jsr:@kazupon/jts-utils@^0.2.5"
    ]
  }
}
